
Microsoft Visual Studio Solution File, Format Version 12.00
# Visual Studio Version 16
VisualStudioVersion = 16.0.29709.97
MinimumVisualStudioVersion = 10.0.40219.1
Project("{9A19103F-16F7-4668-BE54-9A1E7A4F7556}") = "Gallery.DAL", "DAL\Gallery.DAL.csproj", "{6C0B64BA-D015-456F-9439-28662731DCD8}"
EndProject
Project("{9A19103F-16F7-4668-BE54-9A1E7A4F7556}") = "Gallery.BLL", "BLL\Gallery.BLL.csproj", "{846F90C1-9725-425F-92B6-4E9E0D02E81D}"
EndProject
Project("{FAE04EC0-301F-11D3-BF4B-00C04F79EFBC}") = "Gallery.PL", "Gallery.PL\Gallery.PL.csproj", "{5AFA2F4E-C404-4BE7-A365-A84B40BE9E55}"
EndProject
Global
	GlobalSection(SolutionConfigurationPlatforms) = preSolution
		Debug|Any CPU = Debug|Any CPU
		Release|Any CPU = Release|Any CPU
	EndGlobalSection
	GlobalSection(ProjectConfigurationPlatforms) = postSolution
		{6C0B64BA-D015-456F-9439-28662731DCD8}.Debug|Any CPU.ActiveCfg = Debug|Any CPU
		{6C0B64BA-D015-456F-9439-28662731DCD8}.Debug|Any CPU.Build.0 = Debug|Any CPU
		{6C0B64BA-D015-456F-9439-28662731DCD8}.Release|Any CPU.ActiveCfg = Release|Any CPU
		{6C0B64BA-D015-456F-9439-28662731DCD8}.Release|Any CPU.Build.0 = Release|Any CPU
		{846F90C1-9725-425F-92B6-4E9E0D02E81D}.Debug|Any CPU.ActiveCfg = Debug|Any CPU
		{846F90C1-9725-425F-92B6-4E9E0D02E81D}.Debug|Any CPU.Build.0 = Debug|Any CPU
		{846F90C1-9725-425F-92B6-4E9E0D02E81D}.Release|Any CPU.ActiveCfg = Release|Any CPU
		{846F90C1-9725-425F-92B6-4E9E0D02E81D}.Release|Any CPU.Build.0 = Release|Any CPU
		{5AFA2F4E-C404-4BE7-A365-A84B40BE9E55}.Debug|Any CPU.ActiveCfg = Debug|Any CPU
		{5AFA2F4E-C404-4BE7-A365-A84B40BE9E55}.Debug|Any CPU.Build.0 = Debug|Any CPU
		{5AFA2F4E-C404-4BE7-A365-A84B40BE9E55}.Release|Any CPU.ActiveCfg = Release|Any CPU
		{5AFA2F4E-C404-4BE7-A365-A84B40BE9E55}.Release|Any CPU.Build.0 = Release|Any CPU
	EndGlobalSection
	GlobalSection(SolutionProperties) = preSolution
		HideSolutionNode = FALSE
	EndGlobalSection
	GlobalSection(ExtensibilityGlobals) = postSolution
		SolutionGuid = {76C3ED60-7626-499F-9F4B-A3105D97F70E}
	EndGlobalSection
EndGlobal
