
Microsoft Visual Studio Solution File, Format Version 12.00
# Visual Studio Version 16
VisualStudioVersion = 16.0.29806.167
MinimumVisualStudioVersion = 10.0.40219.1
Project("{FAE04EC0-301F-11D3-BF4B-00C04F79EFBC}") = "Gallery.PL", "Gallery\Gallery.PL.csproj", "{EA41501B-A061-4113-8E44-F7D8DFADA257}"
EndProject
Project("{FAE04EC0-301F-11D3-BF4B-00C04F79EFBC}") = "Gallery.DAL", "Gallery.DAL\Gallery.DAL.csproj", "{E751F02F-DF20-4CEB-9F31-938CF7CE7762}"
EndProject
Project("{FAE04EC0-301F-11D3-BF4B-00C04F79EFBC}") = "Gallery.BLL", "Gallery.BLL\Gallery.BLL.csproj", "{56B37F18-8B48-49DA-9B2D-F1FD32F81EDA}"
EndProject
Project("{FAE04EC0-301F-11D3-BF4B-00C04F79EFBC}") = "Gallery.FileStorage", "Gallery.FileStorage\Gallery.FileStorage.csproj", "{DDB5268A-D624-4F41-B618-7BE9AFDBCCAA}"
EndProject
Global
	GlobalSection(SolutionConfigurationPlatforms) = preSolution
		Debug|Any CPU = Debug|Any CPU
		Release|Any CPU = Release|Any CPU
	EndGlobalSection
	GlobalSection(ProjectConfigurationPlatforms) = postSolution
		{EA41501B-A061-4113-8E44-F7D8DFADA257}.Debug|Any CPU.ActiveCfg = Debug|Any CPU
		{EA41501B-A061-4113-8E44-F7D8DFADA257}.Debug|Any CPU.Build.0 = Debug|Any CPU
		{EA41501B-A061-4113-8E44-F7D8DFADA257}.Release|Any CPU.ActiveCfg = Release|Any CPU
		{EA41501B-A061-4113-8E44-F7D8DFADA257}.Release|Any CPU.Build.0 = Release|Any CPU
		{E751F02F-DF20-4CEB-9F31-938CF7CE7762}.Debug|Any CPU.ActiveCfg = Debug|Any CPU
		{E751F02F-DF20-4CEB-9F31-938CF7CE7762}.Debug|Any CPU.Build.0 = Debug|Any CPU
		{E751F02F-DF20-4CEB-9F31-938CF7CE7762}.Release|Any CPU.ActiveCfg = Release|Any CPU
		{E751F02F-DF20-4CEB-9F31-938CF7CE7762}.Release|Any CPU.Build.0 = Release|Any CPU
		{56B37F18-8B48-49DA-9B2D-F1FD32F81EDA}.Debug|Any CPU.ActiveCfg = Debug|Any CPU
		{56B37F18-8B48-49DA-9B2D-F1FD32F81EDA}.Debug|Any CPU.Build.0 = Debug|Any CPU
		{56B37F18-8B48-49DA-9B2D-F1FD32F81EDA}.Release|Any CPU.ActiveCfg = Release|Any CPU
		{56B37F18-8B48-49DA-9B2D-F1FD32F81EDA}.Release|Any CPU.Build.0 = Release|Any CPU
		{DDB5268A-D624-4F41-B618-7BE9AFDBCCAA}.Debug|Any CPU.ActiveCfg = Debug|Any CPU
		{DDB5268A-D624-4F41-B618-7BE9AFDBCCAA}.Debug|Any CPU.Build.0 = Debug|Any CPU
		{DDB5268A-D624-4F41-B618-7BE9AFDBCCAA}.Release|Any CPU.ActiveCfg = Release|Any CPU
		{DDB5268A-D624-4F41-B618-7BE9AFDBCCAA}.Release|Any CPU.Build.0 = Release|Any CPU
	EndGlobalSection
	GlobalSection(SolutionProperties) = preSolution
		HideSolutionNode = FALSE
	EndGlobalSection
	GlobalSection(ExtensibilityGlobals) = postSolution
		SolutionGuid = {BE9639AA-E08A-42F3-BCD0-815AF56F524F}
	EndGlobalSection
EndGlobal
